
Microsoft Visual Studio Solution File, Format Version 12.00
# Visual Studio Version 16
VisualStudioVersion = 16.0.31613.86
MinimumVisualStudioVersion = 10.0.40219.1
Project("{FAE04EC0-301F-11D3-BF4B-00C04F79EFBC}") = "KompletteringsLabb", "KompletteringsLabb\KompletteringsLabb.csproj", "{23A9A6F7-E32E-4809-9D91-D622671BDCBE}"
EndProject
Global
	GlobalSection(SolutionConfigurationPlatforms) = preSolution
		Debug|Any CPU = Debug|Any CPU
		Release|Any CPU = Release|Any CPU
	EndGlobalSection
	GlobalSection(ProjectConfigurationPlatforms) = postSolution
		{23A9A6F7-E32E-4809-9D91-D622671BDCBE}.Debug|Any CPU.ActiveCfg = Debug|Any CPU
		{23A9A6F7-E32E-4809-9D91-D622671BDCBE}.Debug|Any CPU.Build.0 = Debug|Any CPU
		{23A9A6F7-E32E-4809-9D91-D622671BDCBE}.Release|Any CPU.ActiveCfg = Release|Any CPU
		{23A9A6F7-E32E-4809-9D91-D622671BDCBE}.Release|Any CPU.Build.0 = Release|Any CPU
	EndGlobalSection
	GlobalSection(SolutionProperties) = preSolution
		HideSolutionNode = FALSE
	EndGlobalSection
	GlobalSection(ExtensibilityGlobals) = postSolution
		SolutionGuid = {F9E0DE48-F7DA-4CD7-8C66-1792450AEFE1}
	EndGlobalSection
EndGlobal
